
Microsoft Visual Studio Solution File, Format Version 12.00
# Visual Studio Version 16
VisualStudioVersion = 16.0.29613.14
MinimumVisualStudioVersion = 10.0.40219.1
Project("{2150E333-8FDC-42A3-9474-1A3956D46DE8}") = "Aula-07_EX", "Aula-07_EX", "{6CDA1B17-82E0-4EED-9AFB-7AFC2D09C978}"
EndProject
Project("{FAE04EC0-301F-11D3-BF4B-00C04F79EFBC}") = "Aula-07_EX.CursoAspNetMVC", "Aula-07_EX.CursoAspNetMVC\Aula-07_EX.CursoAspNetMVC.csproj", "{F40FE127-C3F3-4C23-9AB4-A9C24D74356A}"
EndProject
Project("{2150E333-8FDC-42A3-9474-1A3956D46DE8}") = "Aula-08", "Aula-08", "{78341830-3A75-4B34-9A22-275A49EF6884}"
EndProject
Project("{FAE04EC0-301F-11D3-BF4B-00C04F79EFBC}") = "MVC_Demo", "MVC_Demo\MVC_Demo.csproj", "{B8735764-F491-4F28-82C3-135D3042F34E}"
EndProject
Project("{2150E333-8FDC-42A3-9474-1A3956D46DE8}") = "Business", "Business", "{057183EA-9809-42A3-8281-EA39AB5803BF}"
EndProject
Project("{FAE04EC0-301F-11D3-BF4B-00C04F79EFBC}") = "Business", "Business\Business.csproj", "{E44105DA-3104-4E8C-9ABE-B6389E6DDD1B}"
EndProject
Project("{2150E333-8FDC-42A3-9474-1A3956D46DE8}") = "Cap.2", "Cap.2", "{77DEAAEF-23EA-48E6-9E85-A9888D46F073}"
EndProject
Project("{2150E333-8FDC-42A3-9474-1A3956D46DE8}") = "Aula-14", "Aula-14", "{7568B6EA-E655-45FE-9B44-1437C7459E15}"
EndProject
Project("{FAE04EC0-301F-11D3-BF4B-00C04F79EFBC}") = "Mvc_Rotas", "Mvc_Rotas\Mvc_Rotas.csproj", "{8D496EBD-F932-4EF7-85CB-801FED7FD1AF}"
EndProject
Project("{2150E333-8FDC-42A3-9474-1A3956D46DE8}") = "Aula-15", "Aula-15", "{CAF7933E-6564-47F2-B690-6E9875FEF7A8}"
EndProject
Project("{FAE04EC0-301F-11D3-BF4B-00C04F79EFBC}") = "Mvc_Validacao", "Mvc_Validacao\Mvc_Validacao.csproj", "{255717DE-C01A-4E57-8579-7CF90E8C1D91}"
EndProject
Project("{2150E333-8FDC-42A3-9474-1A3956D46DE8}") = "Aula-16-1", "Aula-16-1", "{1E11D2C3-5FC1-458A-A3EB-1E497B65A0AA}"
EndProject
Project("{FAE04EC0-301F-11D3-BF4B-00C04F79EFBC}") = "Mvc_tempoData", "Mvc_tempoData\Mvc_tempoData.csproj", "{0E555297-C1CF-4323-8AF2-4200CA6D8C1A}"
EndProject
Project("{2150E333-8FDC-42A3-9474-1A3956D46DE8}") = "Aula-17-1", "Aula-17-1", "{58A0DB06-D4F3-40F7-B752-A8DA0503A9D1}"
EndProject
Project("{FAE04EC0-301F-11D3-BF4B-00C04F79EFBC}") = "Mvc_ViewModel", "Mvc_ViewModel\Mvc_ViewModel.csproj", "{82608479-3BF7-41D7-A186-9C544DB616BB}"
EndProject
Project("{2150E333-8FDC-42A3-9474-1A3956D46DE8}") = "Exercicios-Aula-17", "Exercicios-Aula-17", "{BC09C458-7B61-463D-8C44-33C91CE14657}"
EndProject
Project("{FAE04EC0-301F-11D3-BF4B-00C04F79EFBC}") = "Atividade_2", "Atividade_2\Atividade_2.csproj", "{EE230C38-1EA3-41B8-B3B5-2093D266C9A7}"
EndProject
Project("{2150E333-8FDC-42A3-9474-1A3956D46DE8}") = "Aula-19", "Aula-19", "{5149357D-9F23-4620-9C5D-F4BCA62BB8E1}"
EndProject
Project("{FAE04EC0-301F-11D3-BF4B-00C04F79EFBC}") = "Mvc_Razor", "Mvc_Razor\Mvc_Razor.csproj", "{ECE477FA-0182-4657-A598-CDF06FBC4A44}"
EndProject
Project("{2150E333-8FDC-42A3-9474-1A3956D46DE8}") = "Aula-20", "Aula-20", "{B4832891-875F-4ED2-98DB-3A5460D4A0AD}"
EndProject
Project("{FAE04EC0-301F-11D3-BF4B-00C04F79EFBC}") = "LayoutMvc", "LayoutMvc\LayoutMvc.csproj", "{2E1E9F96-F1F8-49F8-BC74-B48EDBC893B7}"
EndProject
Project("{FAE04EC0-301F-11D3-BF4B-00C04F79EFBC}") = "MvcLayout", "MvcLayout\MvcLayout.csproj", "{E1931B84-ABF7-4C7B-99F9-35EFFB89C394}"
EndProject
Project("{2150E333-8FDC-42A3-9474-1A3956D46DE8}") = "Exercicios", "Exercicios", "{BD10D702-60CF-47A3-93FF-3993C88F1F8C}"
EndProject
Project("{2150E333-8FDC-42A3-9474-1A3956D46DE8}") = "Exercicio-Aula-21", "Exercicio-Aula-21", "{2CE53645-CD44-46ED-92D1-CF3D7ACA8561}"
EndProject
Project("{FAE04EC0-301F-11D3-BF4B-00C04F79EFBC}") = "MvcAlunos", "MvcAlunos\MvcAlunos.csproj", "{4AA5B44C-221E-4451-8110-9616B268D0A4}"
EndProject
Project("{2150E333-8FDC-42A3-9474-1A3956D46DE8}") = "Aula-22", "Aula-22", "{88B1B8B0-A57C-41A9-AEFB-99D95A0F11B2}"
EndProject
Project("{FAE04EC0-301F-11D3-BF4B-00C04F79EFBC}") = "WebApplication1", "WebApplication1\WebApplication1.csproj", "{2AE6B131-73E3-46EF-83B3-E71CC580EAD5}"
EndProject
Project("{2150E333-8FDC-42A3-9474-1A3956D46DE8}") = "Aula23_1", "Aula23_1", "{D8BFAF29-08EE-43B8-9D5E-7AC2DD67E103}"
EndProject
Project("{FAE04EC0-301F-11D3-BF4B-00C04F79EFBC}") = "Mvc_Bootstrap_1", "Mvc_Bootstrap_1\Mvc_Bootstrap_1.csproj", "{132B0489-BEAC-4A9C-B2F0-1602F41B5990}"
EndProject
Project("{FAE04EC0-301F-11D3-BF4B-00C04F79EFBC}") = "Mvc_Bootstrap", "Mvc_Bootstrap\Mvc_Bootstrap.csproj", "{B4F0D7FF-76D9-452C-8A42-6C6DB7E1C504}"
EndProject
Project("{2150E333-8FDC-42A3-9474-1A3956D46DE8}") = "Aula26", "Aula26", "{A3B92C1B-F811-40EB-B573-DCCB33EFC74D}"
EndProject
Project("{FAE04EC0-301F-11D3-BF4B-00C04F79EFBC}") = "Mvc_Templates", "Mvc_Templates\Mvc_Templates.csproj", "{D83C8DBD-2551-4364-8045-6577184D5668}"
EndProject
Project("{2150E333-8FDC-42A3-9474-1A3956D46DE8}") = "Aula27", "Aula27", "{6F76BB52-A1AE-4C9F-9785-75ECD1624918}"
EndProject
Project("{FAE04EC0-301F-11D3-BF4B-00C04F79EFBC}") = "Mvc_EF", "Mvc_EF\Mvc_EF.csproj", "{C91F2704-7400-4CC1-B1C4-C3E824FA05EB}"
EndProject
Project("{FAE04EC0-301F-11D3-BF4B-00C04F79EFBC}") = "EntidadesDAO", "EntidadesDAO\EntidadesDAO.csproj", "{97610175-CBED-46F0-B19F-0A4110C90FC1}"
EndProject
Project("{2150E333-8FDC-42A3-9474-1A3956D46DE8}") = "Aula28", "Aula28", "{19CD6B11-D99F-4D25-8E01-EF40B017584A}"
EndProject
Project("{FAE04EC0-301F-11D3-BF4B-00C04F79EFBC}") = "Mvc_WebGrid", "Mvc_WebGrid\Mvc_WebGrid.csproj", "{3EBABB1D-4FD0-4D5F-A9AA-D35BE9E98822}"
EndProject
Project("{FAE04EC0-301F-11D3-BF4B-00C04F79EFBC}") = "Mvc_WebImages", "Mvc_WebImages\Mvc_WebImages.csproj", "{E67B87EF-0D31-4874-ADA6-F767936BADFF}"
EndProject
Project("{FAE04EC0-301F-11D3-BF4B-00C04F79EFBC}") = "Mvc_WebMail", "Mvc_WebMail\Mvc_WebMail.csproj", "{8565D1B6-53DB-4310-B2F0-ED7CBC2540CD}"
EndProject
Project("{2150E333-8FDC-42A3-9474-1A3956D46DE8}") = "Execicios-Aula-28", "Execicios-Aula-28", "{53260181-3A5C-4ED5-ADC8-10AB152F5618}"
EndProject
Project("{2150E333-8FDC-42A3-9474-1A3956D46DE8}") = "Atividade1", "Atividade1", "{6A1FE929-F944-4D99-9ECB-D24DBA124D0E}"
EndProject
Project("{FAE04EC0-301F-11D3-BF4B-00C04F79EFBC}") = "Aula28_Atividade1", "Aula28_Atividade1\Aula28_Atividade1.csproj", "{98003D8F-4160-4901-94B4-012961D051F0}"
EndProject
Project("{FAE04EC0-301F-11D3-BF4B-00C04F79EFBC}") = "Mvc_HtmlHelpers", "Mvc_HtmlHelpers\Mvc_HtmlHelpers.csproj", "{09353F53-57FA-4CD7-80C0-A69D8C09FFEE}"
EndProject
Project("{2150E333-8FDC-42A3-9474-1A3956D46DE8}") = "Aula30", "Aula30", "{714084FB-005D-437D-B75B-074DA254A586}"
EndProject
Project("{FAE04EC0-301F-11D3-BF4B-00C04F79EFBC}") = "Mvc_Filters", "Mvc_Filters\Mvc_Filters.csproj", "{A17A17F7-7237-4B31-A26F-0D750BD750A4}"
EndProject
Project("{FAE04EC0-301F-11D3-BF4B-00C04F79EFBC}") = "Mvc_FilterChildActionOnly", "Mvc_FilterChildActionOnly\Mvc_FilterChildActionOnly.csproj", "{EC69B3A8-5AE4-4961-A57F-BC882E81CDC5}"
EndProject
Project("{FAE04EC0-301F-11D3-BF4B-00C04F79EFBC}") = "Mvc_Handler_Error", "Mvc_Handler_Error\Mvc_Handler_Error.csproj", "{ABA81BE9-C1BE-49D1-BF04-AF188E585661}"
EndProject
Project("{FAE04EC0-301F-11D3-BF4B-00C04F79EFBC}") = "Mvc_OutputCache", "Mvc_OutputCache\Mvc_OutputCache.csproj", "{395B4DCF-498B-4D68-A54B-4825EA03CC73}"
EndProject
Project("{FAE04EC0-301F-11D3-BF4B-00C04F79EFBC}") = "Mvc_ValidateInput", "Mvc_ValidateInput\Mvc_ValidateInput.csproj", "{C569166D-B2DF-4E9C-9F5B-2AE0156030F7}"
EndProject
Project("{FAE04EC0-301F-11D3-BF4B-00C04F79EFBC}") = "Mvc_ForgeryToken", "Mvc_ForgeryToken\Mvc_ForgeryToken.csproj", "{7390EECF-69C7-48F8-A90F-E18EBE345B5C}"
EndProject
Project("{FAE04EC0-301F-11D3-BF4B-00C04F79EFBC}") = "Mvc_CriarActionFilter", "Mvc_CriarActionFilter\Mvc_CriarActionFilter.csproj", "{C196BA4E-BA6A-42A9-92D6-13F601C98EF3}"
EndProject
Project("{FAE04EC0-301F-11D3-BF4B-00C04F79EFBC}") = "Mvc_FiltroAutenticacao", "Mvc_FiltroAutenticacao\Mvc_FiltroAutenticacao.csproj", "{44EAF6A0-A5B6-4F96-A599-D904D0CD71F8}"
EndProject
Project("{2150E333-8FDC-42A3-9474-1A3956D46DE8}") = "Aula31", "Aula31", "{72AC075E-3069-42D5-BDF5-E4BD2E46B2BA}"
EndProject
Project("{FAE04EC0-301F-11D3-BF4B-00C04F79EFBC}") = "Mvc_ActionResult", "Mvc_ActionResult\Mvc_ActionResult.csproj", "{41467D78-6BB9-4325-BFEF-840603132DB7}"
EndProject
Project("{FAE04EC0-301F-11D3-BF4B-00C04F79EFBC}") = "Mvc_FileResult", "Mvc_FileResult\Mvc_FileResult.csproj", "{014C281B-7226-415F-AD79-0E4A37E8072C}"
EndProject
Project("{FAE04EC0-301F-11D3-BF4B-00C04F79EFBC}") = "Mvc_JsonResult", "Mvc_JsonResult\Mvc_JsonResult.csproj", "{FF56EF02-4D82-4524-8942-7C00A2BE3E76}"
EndProject
Project("{2150E333-8FDC-42A3-9474-1A3956D46DE8}") = "Aula32", "Aula32", "{249D259B-0656-498A-96A8-C3F5D7654DBE}"
EndProject
Project("{FAE04EC0-301F-11D3-BF4B-00C04F79EFBC}") = "Mvc_Areas", "Mvc_Areas\Mvc_Areas.csproj", "{75D8F972-AB28-42C2-BD4B-A72B3239D4F7}"
EndProject
Project("{FAE04EC0-301F-11D3-BF4B-00C04F79EFBC}") = "Mvc_TryCath", "Aula32_2T_TratamentoErros\Mvc_TryCath\Mvc_TryCath.csproj", "{DBC2B596-2BF5-446F-82D8-A9F949F235CB}"
EndProject
Project("{FAE04EC0-301F-11D3-BF4B-00C04F79EFBC}") = "Mvc_Handler", "Aula32_2T_TratamentoErros\Mvc_Handler\Mvc_Handler.csproj", "{BD59026D-68F2-41CF-9359-3DCF4BCC0155}"
EndProject
Project("{FAE04EC0-301F-11D3-BF4B-00C04F79EFBC}") = "Mvc_OnException", "Aula32_2T_TratamentoErros\Mvc_OnException\Mvc_OnException.csproj", "{79FEEDF6-533A-4D46-AB9B-628CF96A853F}"
EndProject
Project("{FAE04EC0-301F-11D3-BF4B-00C04F79EFBC}") = "Mvc_ELMAH", "Aula32_2T_TratamentoErros\Mvc_ELMAH\Mvc_ELMAH.csproj", "{1208344A-99AB-4095-88C0-B1E24C733AF3}"
EndProject
Project("{2150E333-8FDC-42A3-9474-1A3956D46DE8}") = "Aula33_Projeto_EF", "Aula33_Projeto_EF", "{08541A7C-5D2E-45A7-9B6C-33B9D0096325}"
EndProject
Project("{FAE04EC0-301F-11D3-BF4B-00C04F79EFBC}") = "Mvc_Contatos", "Aula33_Projeto_EF\Mvc_Contatos\Mvc_Contatos.csproj", "{4052F2CE-2BF1-43BC-BAC9-E4FCAADE5173}"
EndProject
Project("{2150E333-8FDC-42A3-9474-1A3956D46DE8}") = "Aula34", "Aula34", "{08D11AC7-3FE0-44F7-BFFE-5B0C7583FF55}"
EndProject
Project("{FAE04EC0-301F-11D3-BF4B-00C04F79EFBC}") = "Mvc_Seguranca_FormsAuthentication", "Aula34_Mvc_Segunca\Mvc_Seguranca_FormsAuthentication\Mvc_Seguranca_FormsAuthentication.csproj", "{50D3C555-9767-4139-AAF1-55AC9A79A957}"
EndProject
Project("{FAE04EC0-301F-11D3-BF4B-00C04F79EFBC}") = "Mvc_Seguranca_Identity", "Aula34_Mvc_Segunca\Mvc_Seguranca_Identity\Mvc_Seguranca_Identity.csproj", "{ECCCCE72-DB46-446B-9A34-B35329B6827F}"
EndProject
Project("{FAE04EC0-301F-11D3-BF4B-00C04F79EFBC}") = "Mvc_CustomizarUsuario", "Aula34_Mvc_Segunca\Mvc_CustomizarUsuario\Mvc_CustomizarUsuario.csproj", "{4EC86F40-5F4A-4BCE-BA63-D6E4F74B14DF}"
EndProject
Project("{FAE04EC0-301F-11D3-BF4B-00C04F79EFBC}") = "Mvc_ConfirmarEmail", "Aula34_Mvc_Segunca\Mvc_ConfirmarEmail\Mvc_ConfirmarEmail.csproj", "{B5B6E129-9CA4-4E86-A0E1-9BDD3F1478E5}"
EndProject
Project("{FAE04EC0-301F-11D3-BF4B-00C04F79EFBC}") = "Mvc_Roles", "Aula34_Mvc_Segunca\Mvc_Roles\Mvc_Roles.csproj", "{FB00593F-662E-49D1-9EDA-5CE34CB5E769}"
EndProject
Global
	GlobalSection(SolutionConfigurationPlatforms) = preSolution
		Debug|Any CPU = Debug|Any CPU
		Release|Any CPU = Release|Any CPU
	EndGlobalSection
	GlobalSection(ProjectConfigurationPlatforms) = postSolution
		{F40FE127-C3F3-4C23-9AB4-A9C24D74356A}.Debug|Any CPU.ActiveCfg = Debug|Any CPU
		{F40FE127-C3F3-4C23-9AB4-A9C24D74356A}.Debug|Any CPU.Build.0 = Debug|Any CPU
		{F40FE127-C3F3-4C23-9AB4-A9C24D74356A}.Release|Any CPU.ActiveCfg = Release|Any CPU
		{F40FE127-C3F3-4C23-9AB4-A9C24D74356A}.Release|Any CPU.Build.0 = Release|Any CPU
		{B8735764-F491-4F28-82C3-135D3042F34E}.Debug|Any CPU.ActiveCfg = Debug|Any CPU
		{B8735764-F491-4F28-82C3-135D3042F34E}.Debug|Any CPU.Build.0 = Debug|Any CPU
		{B8735764-F491-4F28-82C3-135D3042F34E}.Release|Any CPU.ActiveCfg = Release|Any CPU
		{B8735764-F491-4F28-82C3-135D3042F34E}.Release|Any CPU.Build.0 = Release|Any CPU
		{E44105DA-3104-4E8C-9ABE-B6389E6DDD1B}.Debug|Any CPU.ActiveCfg = Debug|Any CPU
		{E44105DA-3104-4E8C-9ABE-B6389E6DDD1B}.Debug|Any CPU.Build.0 = Debug|Any CPU
		{E44105DA-3104-4E8C-9ABE-B6389E6DDD1B}.Release|Any CPU.ActiveCfg = Release|Any CPU
		{E44105DA-3104-4E8C-9ABE-B6389E6DDD1B}.Release|Any CPU.Build.0 = Release|Any CPU
		{8D496EBD-F932-4EF7-85CB-801FED7FD1AF}.Debug|Any CPU.ActiveCfg = Debug|Any CPU
		{8D496EBD-F932-4EF7-85CB-801FED7FD1AF}.Debug|Any CPU.Build.0 = Debug|Any CPU
		{8D496EBD-F932-4EF7-85CB-801FED7FD1AF}.Release|Any CPU.ActiveCfg = Release|Any CPU
		{8D496EBD-F932-4EF7-85CB-801FED7FD1AF}.Release|Any CPU.Build.0 = Release|Any CPU
		{255717DE-C01A-4E57-8579-7CF90E8C1D91}.Debug|Any CPU.ActiveCfg = Debug|Any CPU
		{255717DE-C01A-4E57-8579-7CF90E8C1D91}.Debug|Any CPU.Build.0 = Debug|Any CPU
		{255717DE-C01A-4E57-8579-7CF90E8C1D91}.Release|Any CPU.ActiveCfg = Release|Any CPU
		{255717DE-C01A-4E57-8579-7CF90E8C1D91}.Release|Any CPU.Build.0 = Release|Any CPU
		{0E555297-C1CF-4323-8AF2-4200CA6D8C1A}.Debug|Any CPU.ActiveCfg = Debug|Any CPU
		{0E555297-C1CF-4323-8AF2-4200CA6D8C1A}.Debug|Any CPU.Build.0 = Debug|Any CPU
		{0E555297-C1CF-4323-8AF2-4200CA6D8C1A}.Release|Any CPU.ActiveCfg = Release|Any CPU
		{0E555297-C1CF-4323-8AF2-4200CA6D8C1A}.Release|Any CPU.Build.0 = Release|Any CPU
		{82608479-3BF7-41D7-A186-9C544DB616BB}.Debug|Any CPU.ActiveCfg = Debug|Any CPU
		{82608479-3BF7-41D7-A186-9C544DB616BB}.Debug|Any CPU.Build.0 = Debug|Any CPU
		{82608479-3BF7-41D7-A186-9C544DB616BB}.Release|Any CPU.ActiveCfg = Release|Any CPU
		{82608479-3BF7-41D7-A186-9C544DB616BB}.Release|Any CPU.Build.0 = Release|Any CPU
		{EE230C38-1EA3-41B8-B3B5-2093D266C9A7}.Debug|Any CPU.ActiveCfg = Debug|Any CPU
		{EE230C38-1EA3-41B8-B3B5-2093D266C9A7}.Debug|Any CPU.Build.0 = Debug|Any CPU
		{EE230C38-1EA3-41B8-B3B5-2093D266C9A7}.Release|Any CPU.ActiveCfg = Release|Any CPU
		{EE230C38-1EA3-41B8-B3B5-2093D266C9A7}.Release|Any CPU.Build.0 = Release|Any CPU
		{ECE477FA-0182-4657-A598-CDF06FBC4A44}.Debug|Any CPU.ActiveCfg = Debug|Any CPU
		{ECE477FA-0182-4657-A598-CDF06FBC4A44}.Debug|Any CPU.Build.0 = Debug|Any CPU
		{ECE477FA-0182-4657-A598-CDF06FBC4A44}.Release|Any CPU.ActiveCfg = Release|Any CPU
		{ECE477FA-0182-4657-A598-CDF06FBC4A44}.Release|Any CPU.Build.0 = Release|Any CPU
		{2E1E9F96-F1F8-49F8-BC74-B48EDBC893B7}.Debug|Any CPU.ActiveCfg = Debug|Any CPU
		{2E1E9F96-F1F8-49F8-BC74-B48EDBC893B7}.Debug|Any CPU.Build.0 = Debug|Any CPU
		{2E1E9F96-F1F8-49F8-BC74-B48EDBC893B7}.Release|Any CPU.ActiveCfg = Release|Any CPU
		{2E1E9F96-F1F8-49F8-BC74-B48EDBC893B7}.Release|Any CPU.Build.0 = Release|Any CPU
		{E1931B84-ABF7-4C7B-99F9-35EFFB89C394}.Debug|Any CPU.ActiveCfg = Debug|Any CPU
		{E1931B84-ABF7-4C7B-99F9-35EFFB89C394}.Debug|Any CPU.Build.0 = Debug|Any CPU
		{E1931B84-ABF7-4C7B-99F9-35EFFB89C394}.Release|Any CPU.ActiveCfg = Release|Any CPU
		{E1931B84-ABF7-4C7B-99F9-35EFFB89C394}.Release|Any CPU.Build.0 = Release|Any CPU
		{4AA5B44C-221E-4451-8110-9616B268D0A4}.Debug|Any CPU.ActiveCfg = Debug|Any CPU
		{4AA5B44C-221E-4451-8110-9616B268D0A4}.Debug|Any CPU.Build.0 = Debug|Any CPU
		{4AA5B44C-221E-4451-8110-9616B268D0A4}.Release|Any CPU.ActiveCfg = Release|Any CPU
		{4AA5B44C-221E-4451-8110-9616B268D0A4}.Release|Any CPU.Build.0 = Release|Any CPU
		{2AE6B131-73E3-46EF-83B3-E71CC580EAD5}.Debug|Any CPU.ActiveCfg = Debug|Any CPU
		{2AE6B131-73E3-46EF-83B3-E71CC580EAD5}.Debug|Any CPU.Build.0 = Debug|Any CPU
		{2AE6B131-73E3-46EF-83B3-E71CC580EAD5}.Release|Any CPU.ActiveCfg = Release|Any CPU
		{2AE6B131-73E3-46EF-83B3-E71CC580EAD5}.Release|Any CPU.Build.0 = Release|Any CPU
		{132B0489-BEAC-4A9C-B2F0-1602F41B5990}.Debug|Any CPU.ActiveCfg = Debug|Any CPU
		{132B0489-BEAC-4A9C-B2F0-1602F41B5990}.Debug|Any CPU.Build.0 = Debug|Any CPU
		{132B0489-BEAC-4A9C-B2F0-1602F41B5990}.Release|Any CPU.ActiveCfg = Release|Any CPU
		{132B0489-BEAC-4A9C-B2F0-1602F41B5990}.Release|Any CPU.Build.0 = Release|Any CPU
		{B4F0D7FF-76D9-452C-8A42-6C6DB7E1C504}.Debug|Any CPU.ActiveCfg = Debug|Any CPU
		{B4F0D7FF-76D9-452C-8A42-6C6DB7E1C504}.Debug|Any CPU.Build.0 = Debug|Any CPU
		{B4F0D7FF-76D9-452C-8A42-6C6DB7E1C504}.Release|Any CPU.ActiveCfg = Release|Any CPU
		{B4F0D7FF-76D9-452C-8A42-6C6DB7E1C504}.Release|Any CPU.Build.0 = Release|Any CPU
		{D83C8DBD-2551-4364-8045-6577184D5668}.Debug|Any CPU.ActiveCfg = Debug|Any CPU
		{D83C8DBD-2551-4364-8045-6577184D5668}.Debug|Any CPU.Build.0 = Debug|Any CPU
		{D83C8DBD-2551-4364-8045-6577184D5668}.Release|Any CPU.ActiveCfg = Release|Any CPU
		{D83C8DBD-2551-4364-8045-6577184D5668}.Release|Any CPU.Build.0 = Release|Any CPU
		{C91F2704-7400-4CC1-B1C4-C3E824FA05EB}.Debug|Any CPU.ActiveCfg = Debug|Any CPU
		{C91F2704-7400-4CC1-B1C4-C3E824FA05EB}.Debug|Any CPU.Build.0 = Debug|Any CPU
		{C91F2704-7400-4CC1-B1C4-C3E824FA05EB}.Release|Any CPU.ActiveCfg = Release|Any CPU
		{C91F2704-7400-4CC1-B1C4-C3E824FA05EB}.Release|Any CPU.Build.0 = Release|Any CPU
		{97610175-CBED-46F0-B19F-0A4110C90FC1}.Debug|Any CPU.ActiveCfg = Debug|Any CPU
		{97610175-CBED-46F0-B19F-0A4110C90FC1}.Debug|Any CPU.Build.0 = Debug|Any CPU
		{97610175-CBED-46F0-B19F-0A4110C90FC1}.Release|Any CPU.ActiveCfg = Release|Any CPU
		{97610175-CBED-46F0-B19F-0A4110C90FC1}.Release|Any CPU.Build.0 = Release|Any CPU
		{3EBABB1D-4FD0-4D5F-A9AA-D35BE9E98822}.Debug|Any CPU.ActiveCfg = Debug|Any CPU
		{3EBABB1D-4FD0-4D5F-A9AA-D35BE9E98822}.Debug|Any CPU.Build.0 = Debug|Any CPU
		{3EBABB1D-4FD0-4D5F-A9AA-D35BE9E98822}.Release|Any CPU.ActiveCfg = Release|Any CPU
		{3EBABB1D-4FD0-4D5F-A9AA-D35BE9E98822}.Release|Any CPU.Build.0 = Release|Any CPU
		{E67B87EF-0D31-4874-ADA6-F767936BADFF}.Debug|Any CPU.ActiveCfg = Debug|Any CPU
		{E67B87EF-0D31-4874-ADA6-F767936BADFF}.Debug|Any CPU.Build.0 = Debug|Any CPU
		{E67B87EF-0D31-4874-ADA6-F767936BADFF}.Release|Any CPU.ActiveCfg = Release|Any CPU
		{E67B87EF-0D31-4874-ADA6-F767936BADFF}.Release|Any CPU.Build.0 = Release|Any CPU
		{8565D1B6-53DB-4310-B2F0-ED7CBC2540CD}.Debug|Any CPU.ActiveCfg = Debug|Any CPU
		{8565D1B6-53DB-4310-B2F0-ED7CBC2540CD}.Debug|Any CPU.Build.0 = Debug|Any CPU
		{8565D1B6-53DB-4310-B2F0-ED7CBC2540CD}.Release|Any CPU.ActiveCfg = Release|Any CPU
		{8565D1B6-53DB-4310-B2F0-ED7CBC2540CD}.Release|Any CPU.Build.0 = Release|Any CPU
		{98003D8F-4160-4901-94B4-012961D051F0}.Debug|Any CPU.ActiveCfg = Debug|Any CPU
		{98003D8F-4160-4901-94B4-012961D051F0}.Debug|Any CPU.Build.0 = Debug|Any CPU
		{98003D8F-4160-4901-94B4-012961D051F0}.Release|Any CPU.ActiveCfg = Release|Any CPU
		{98003D8F-4160-4901-94B4-012961D051F0}.Release|Any CPU.Build.0 = Release|Any CPU
		{09353F53-57FA-4CD7-80C0-A69D8C09FFEE}.Debug|Any CPU.ActiveCfg = Debug|Any CPU
		{09353F53-57FA-4CD7-80C0-A69D8C09FFEE}.Debug|Any CPU.Build.0 = Debug|Any CPU
		{09353F53-57FA-4CD7-80C0-A69D8C09FFEE}.Release|Any CPU.ActiveCfg = Release|Any CPU
		{09353F53-57FA-4CD7-80C0-A69D8C09FFEE}.Release|Any CPU.Build.0 = Release|Any CPU
		{A17A17F7-7237-4B31-A26F-0D750BD750A4}.Debug|Any CPU.ActiveCfg = Debug|Any CPU
		{A17A17F7-7237-4B31-A26F-0D750BD750A4}.Debug|Any CPU.Build.0 = Debug|Any CPU
		{A17A17F7-7237-4B31-A26F-0D750BD750A4}.Release|Any CPU.ActiveCfg = Release|Any CPU
		{A17A17F7-7237-4B31-A26F-0D750BD750A4}.Release|Any CPU.Build.0 = Release|Any CPU
		{EC69B3A8-5AE4-4961-A57F-BC882E81CDC5}.Debug|Any CPU.ActiveCfg = Debug|Any CPU
		{EC69B3A8-5AE4-4961-A57F-BC882E81CDC5}.Debug|Any CPU.Build.0 = Debug|Any CPU
		{EC69B3A8-5AE4-4961-A57F-BC882E81CDC5}.Release|Any CPU.ActiveCfg = Release|Any CPU
		{EC69B3A8-5AE4-4961-A57F-BC882E81CDC5}.Release|Any CPU.Build.0 = Release|Any CPU
		{ABA81BE9-C1BE-49D1-BF04-AF188E585661}.Debug|Any CPU.ActiveCfg = Debug|Any CPU
		{ABA81BE9-C1BE-49D1-BF04-AF188E585661}.Debug|Any CPU.Build.0 = Debug|Any CPU
		{ABA81BE9-C1BE-49D1-BF04-AF188E585661}.Release|Any CPU.ActiveCfg = Release|Any CPU
		{ABA81BE9-C1BE-49D1-BF04-AF188E585661}.Release|Any CPU.Build.0 = Release|Any CPU
		{395B4DCF-498B-4D68-A54B-4825EA03CC73}.Debug|Any CPU.ActiveCfg = Debug|Any CPU
		{395B4DCF-498B-4D68-A54B-4825EA03CC73}.Debug|Any CPU.Build.0 = Debug|Any CPU
		{395B4DCF-498B-4D68-A54B-4825EA03CC73}.Release|Any CPU.ActiveCfg = Release|Any CPU
		{395B4DCF-498B-4D68-A54B-4825EA03CC73}.Release|Any CPU.Build.0 = Release|Any CPU
		{C569166D-B2DF-4E9C-9F5B-2AE0156030F7}.Debug|Any CPU.ActiveCfg = Debug|Any CPU
		{C569166D-B2DF-4E9C-9F5B-2AE0156030F7}.Debug|Any CPU.Build.0 = Debug|Any CPU
		{C569166D-B2DF-4E9C-9F5B-2AE0156030F7}.Release|Any CPU.ActiveCfg = Release|Any CPU
		{C569166D-B2DF-4E9C-9F5B-2AE0156030F7}.Release|Any CPU.Build.0 = Release|Any CPU
		{7390EECF-69C7-48F8-A90F-E18EBE345B5C}.Debug|Any CPU.ActiveCfg = Debug|Any CPU
		{7390EECF-69C7-48F8-A90F-E18EBE345B5C}.Debug|Any CPU.Build.0 = Debug|Any CPU
		{7390EECF-69C7-48F8-A90F-E18EBE345B5C}.Release|Any CPU.ActiveCfg = Release|Any CPU
		{7390EECF-69C7-48F8-A90F-E18EBE345B5C}.Release|Any CPU.Build.0 = Release|Any CPU
		{C196BA4E-BA6A-42A9-92D6-13F601C98EF3}.Debug|Any CPU.ActiveCfg = Debug|Any CPU
		{C196BA4E-BA6A-42A9-92D6-13F601C98EF3}.Debug|Any CPU.Build.0 = Debug|Any CPU
		{C196BA4E-BA6A-42A9-92D6-13F601C98EF3}.Release|Any CPU.ActiveCfg = Release|Any CPU
		{C196BA4E-BA6A-42A9-92D6-13F601C98EF3}.Release|Any CPU.Build.0 = Release|Any CPU
		{44EAF6A0-A5B6-4F96-A599-D904D0CD71F8}.Debug|Any CPU.ActiveCfg = Debug|Any CPU
		{44EAF6A0-A5B6-4F96-A599-D904D0CD71F8}.Debug|Any CPU.Build.0 = Debug|Any CPU
		{44EAF6A0-A5B6-4F96-A599-D904D0CD71F8}.Release|Any CPU.ActiveCfg = Release|Any CPU
		{44EAF6A0-A5B6-4F96-A599-D904D0CD71F8}.Release|Any CPU.Build.0 = Release|Any CPU
		{41467D78-6BB9-4325-BFEF-840603132DB7}.Debug|Any CPU.ActiveCfg = Debug|Any CPU
		{41467D78-6BB9-4325-BFEF-840603132DB7}.Debug|Any CPU.Build.0 = Debug|Any CPU
		{41467D78-6BB9-4325-BFEF-840603132DB7}.Release|Any CPU.ActiveCfg = Release|Any CPU
		{41467D78-6BB9-4325-BFEF-840603132DB7}.Release|Any CPU.Build.0 = Release|Any CPU
		{014C281B-7226-415F-AD79-0E4A37E8072C}.Debug|Any CPU.ActiveCfg = Debug|Any CPU
		{014C281B-7226-415F-AD79-0E4A37E8072C}.Debug|Any CPU.Build.0 = Debug|Any CPU
		{014C281B-7226-415F-AD79-0E4A37E8072C}.Release|Any CPU.ActiveCfg = Release|Any CPU
		{014C281B-7226-415F-AD79-0E4A37E8072C}.Release|Any CPU.Build.0 = Release|Any CPU
		{FF56EF02-4D82-4524-8942-7C00A2BE3E76}.Debug|Any CPU.ActiveCfg = Debug|Any CPU
		{FF56EF02-4D82-4524-8942-7C00A2BE3E76}.Debug|Any CPU.Build.0 = Debug|Any CPU
		{FF56EF02-4D82-4524-8942-7C00A2BE3E76}.Release|Any CPU.ActiveCfg = Release|Any CPU
		{FF56EF02-4D82-4524-8942-7C00A2BE3E76}.Release|Any CPU.Build.0 = Release|Any CPU
		{75D8F972-AB28-42C2-BD4B-A72B3239D4F7}.Debug|Any CPU.ActiveCfg = Debug|Any CPU
		{75D8F972-AB28-42C2-BD4B-A72B3239D4F7}.Debug|Any CPU.Build.0 = Debug|Any CPU
		{75D8F972-AB28-42C2-BD4B-A72B3239D4F7}.Release|Any CPU.ActiveCfg = Release|Any CPU
		{75D8F972-AB28-42C2-BD4B-A72B3239D4F7}.Release|Any CPU.Build.0 = Release|Any CPU
		{DBC2B596-2BF5-446F-82D8-A9F949F235CB}.Debug|Any CPU.ActiveCfg = Debug|Any CPU
		{DBC2B596-2BF5-446F-82D8-A9F949F235CB}.Debug|Any CPU.Build.0 = Debug|Any CPU
		{DBC2B596-2BF5-446F-82D8-A9F949F235CB}.Release|Any CPU.ActiveCfg = Release|Any CPU
		{DBC2B596-2BF5-446F-82D8-A9F949F235CB}.Release|Any CPU.Build.0 = Release|Any CPU
		{BD59026D-68F2-41CF-9359-3DCF4BCC0155}.Debug|Any CPU.ActiveCfg = Debug|Any CPU
		{BD59026D-68F2-41CF-9359-3DCF4BCC0155}.Debug|Any CPU.Build.0 = Debug|Any CPU
		{BD59026D-68F2-41CF-9359-3DCF4BCC0155}.Release|Any CPU.ActiveCfg = Release|Any CPU
		{BD59026D-68F2-41CF-9359-3DCF4BCC0155}.Release|Any CPU.Build.0 = Release|Any CPU
		{79FEEDF6-533A-4D46-AB9B-628CF96A853F}.Debug|Any CPU.ActiveCfg = Debug|Any CPU
		{79FEEDF6-533A-4D46-AB9B-628CF96A853F}.Debug|Any CPU.Build.0 = Debug|Any CPU
		{79FEEDF6-533A-4D46-AB9B-628CF96A853F}.Release|Any CPU.ActiveCfg = Release|Any CPU
		{79FEEDF6-533A-4D46-AB9B-628CF96A853F}.Release|Any CPU.Build.0 = Release|Any CPU
		{1208344A-99AB-4095-88C0-B1E24C733AF3}.Debug|Any CPU.ActiveCfg = Debug|Any CPU
		{1208344A-99AB-4095-88C0-B1E24C733AF3}.Debug|Any CPU.Build.0 = Debug|Any CPU
		{1208344A-99AB-4095-88C0-B1E24C733AF3}.Release|Any CPU.ActiveCfg = Release|Any CPU
		{1208344A-99AB-4095-88C0-B1E24C733AF3}.Release|Any CPU.Build.0 = Release|Any CPU
		{4052F2CE-2BF1-43BC-BAC9-E4FCAADE5173}.Debug|Any CPU.ActiveCfg = Debug|Any CPU
		{4052F2CE-2BF1-43BC-BAC9-E4FCAADE5173}.Debug|Any CPU.Build.0 = Debug|Any CPU
		{4052F2CE-2BF1-43BC-BAC9-E4FCAADE5173}.Release|Any CPU.ActiveCfg = Release|Any CPU
		{4052F2CE-2BF1-43BC-BAC9-E4FCAADE5173}.Release|Any CPU.Build.0 = Release|Any CPU
		{50D3C555-9767-4139-AAF1-55AC9A79A957}.Debug|Any CPU.ActiveCfg = Debug|Any CPU
		{50D3C555-9767-4139-AAF1-55AC9A79A957}.Debug|Any CPU.Build.0 = Debug|Any CPU
		{50D3C555-9767-4139-AAF1-55AC9A79A957}.Release|Any CPU.ActiveCfg = Release|Any CPU
		{50D3C555-9767-4139-AAF1-55AC9A79A957}.Release|Any CPU.Build.0 = Release|Any CPU
		{ECCCCE72-DB46-446B-9A34-B35329B6827F}.Debug|Any CPU.ActiveCfg = Debug|Any CPU
		{ECCCCE72-DB46-446B-9A34-B35329B6827F}.Debug|Any CPU.Build.0 = Debug|Any CPU
		{ECCCCE72-DB46-446B-9A34-B35329B6827F}.Release|Any CPU.ActiveCfg = Release|Any CPU
		{ECCCCE72-DB46-446B-9A34-B35329B6827F}.Release|Any CPU.Build.0 = Release|Any CPU
		{4EC86F40-5F4A-4BCE-BA63-D6E4F74B14DF}.Debug|Any CPU.ActiveCfg = Debug|Any CPU
		{4EC86F40-5F4A-4BCE-BA63-D6E4F74B14DF}.Debug|Any CPU.Build.0 = Debug|Any CPU
		{4EC86F40-5F4A-4BCE-BA63-D6E4F74B14DF}.Release|Any CPU.ActiveCfg = Release|Any CPU
		{4EC86F40-5F4A-4BCE-BA63-D6E4F74B14DF}.Release|Any CPU.Build.0 = Release|Any CPU
		{B5B6E129-9CA4-4E86-A0E1-9BDD3F1478E5}.Debug|Any CPU.ActiveCfg = Debug|Any CPU
		{B5B6E129-9CA4-4E86-A0E1-9BDD3F1478E5}.Debug|Any CPU.Build.0 = Debug|Any CPU
		{B5B6E129-9CA4-4E86-A0E1-9BDD3F1478E5}.Release|Any CPU.ActiveCfg = Release|Any CPU
		{B5B6E129-9CA4-4E86-A0E1-9BDD3F1478E5}.Release|Any CPU.Build.0 = Release|Any CPU
		{FB00593F-662E-49D1-9EDA-5CE34CB5E769}.Debug|Any CPU.ActiveCfg = Debug|Any CPU
		{FB00593F-662E-49D1-9EDA-5CE34CB5E769}.Debug|Any CPU.Build.0 = Debug|Any CPU
		{FB00593F-662E-49D1-9EDA-5CE34CB5E769}.Release|Any CPU.ActiveCfg = Release|Any CPU
		{FB00593F-662E-49D1-9EDA-5CE34CB5E769}.Release|Any CPU.Build.0 = Release|Any CPU
	EndGlobalSection
	GlobalSection(SolutionProperties) = preSolution
		HideSolutionNode = FALSE
	EndGlobalSection
	GlobalSection(NestedProjects) = preSolution
		{F40FE127-C3F3-4C23-9AB4-A9C24D74356A} = {6CDA1B17-82E0-4EED-9AFB-7AFC2D09C978}
		{B8735764-F491-4F28-82C3-135D3042F34E} = {78341830-3A75-4B34-9A22-275A49EF6884}
		{057183EA-9809-42A3-8281-EA39AB5803BF} = {78341830-3A75-4B34-9A22-275A49EF6884}
		{E44105DA-3104-4E8C-9ABE-B6389E6DDD1B} = {057183EA-9809-42A3-8281-EA39AB5803BF}
		{8D496EBD-F932-4EF7-85CB-801FED7FD1AF} = {7568B6EA-E655-45FE-9B44-1437C7459E15}
		{255717DE-C01A-4E57-8579-7CF90E8C1D91} = {CAF7933E-6564-47F2-B690-6E9875FEF7A8}
		{0E555297-C1CF-4323-8AF2-4200CA6D8C1A} = {1E11D2C3-5FC1-458A-A3EB-1E497B65A0AA}
		{82608479-3BF7-41D7-A186-9C544DB616BB} = {58A0DB06-D4F3-40F7-B752-A8DA0503A9D1}
		{EE230C38-1EA3-41B8-B3B5-2093D266C9A7} = {BC09C458-7B61-463D-8C44-33C91CE14657}
		{ECE477FA-0182-4657-A598-CDF06FBC4A44} = {5149357D-9F23-4620-9C5D-F4BCA62BB8E1}
		{2E1E9F96-F1F8-49F8-BC74-B48EDBC893B7} = {B4832891-875F-4ED2-98DB-3A5460D4A0AD}
		{E1931B84-ABF7-4C7B-99F9-35EFFB89C394} = {B4832891-875F-4ED2-98DB-3A5460D4A0AD}
		{2CE53645-CD44-46ED-92D1-CF3D7ACA8561} = {BD10D702-60CF-47A3-93FF-3993C88F1F8C}
		{4AA5B44C-221E-4451-8110-9616B268D0A4} = {2CE53645-CD44-46ED-92D1-CF3D7ACA8561}
		{2AE6B131-73E3-46EF-83B3-E71CC580EAD5} = {88B1B8B0-A57C-41A9-AEFB-99D95A0F11B2}
		{132B0489-BEAC-4A9C-B2F0-1602F41B5990} = {D8BFAF29-08EE-43B8-9D5E-7AC2DD67E103}
		{B4F0D7FF-76D9-452C-8A42-6C6DB7E1C504} = {D8BFAF29-08EE-43B8-9D5E-7AC2DD67E103}
		{D83C8DBD-2551-4364-8045-6577184D5668} = {A3B92C1B-F811-40EB-B573-DCCB33EFC74D}
		{C91F2704-7400-4CC1-B1C4-C3E824FA05EB} = {6F76BB52-A1AE-4C9F-9785-75ECD1624918}
		{97610175-CBED-46F0-B19F-0A4110C90FC1} = {6F76BB52-A1AE-4C9F-9785-75ECD1624918}
		{3EBABB1D-4FD0-4D5F-A9AA-D35BE9E98822} = {19CD6B11-D99F-4D25-8E01-EF40B017584A}
		{E67B87EF-0D31-4874-ADA6-F767936BADFF} = {19CD6B11-D99F-4D25-8E01-EF40B017584A}
		{8565D1B6-53DB-4310-B2F0-ED7CBC2540CD} = {19CD6B11-D99F-4D25-8E01-EF40B017584A}
		{53260181-3A5C-4ED5-ADC8-10AB152F5618} = {BD10D702-60CF-47A3-93FF-3993C88F1F8C}
		{6A1FE929-F944-4D99-9ECB-D24DBA124D0E} = {53260181-3A5C-4ED5-ADC8-10AB152F5618}
		{98003D8F-4160-4901-94B4-012961D051F0} = {6A1FE929-F944-4D99-9ECB-D24DBA124D0E}
		{09353F53-57FA-4CD7-80C0-A69D8C09FFEE} = {19CD6B11-D99F-4D25-8E01-EF40B017584A}
		{A17A17F7-7237-4B31-A26F-0D750BD750A4} = {714084FB-005D-437D-B75B-074DA254A586}
		{EC69B3A8-5AE4-4961-A57F-BC882E81CDC5} = {714084FB-005D-437D-B75B-074DA254A586}
		{ABA81BE9-C1BE-49D1-BF04-AF188E585661} = {714084FB-005D-437D-B75B-074DA254A586}
		{395B4DCF-498B-4D68-A54B-4825EA03CC73} = {714084FB-005D-437D-B75B-074DA254A586}
		{C569166D-B2DF-4E9C-9F5B-2AE0156030F7} = {714084FB-005D-437D-B75B-074DA254A586}
		{7390EECF-69C7-48F8-A90F-E18EBE345B5C} = {714084FB-005D-437D-B75B-074DA254A586}
		{C196BA4E-BA6A-42A9-92D6-13F601C98EF3} = {714084FB-005D-437D-B75B-074DA254A586}
		{44EAF6A0-A5B6-4F96-A599-D904D0CD71F8} = {714084FB-005D-437D-B75B-074DA254A586}
		{41467D78-6BB9-4325-BFEF-840603132DB7} = {72AC075E-3069-42D5-BDF5-E4BD2E46B2BA}
		{014C281B-7226-415F-AD79-0E4A37E8072C} = {72AC075E-3069-42D5-BDF5-E4BD2E46B2BA}
		{FF56EF02-4D82-4524-8942-7C00A2BE3E76} = {72AC075E-3069-42D5-BDF5-E4BD2E46B2BA}
		{75D8F972-AB28-42C2-BD4B-A72B3239D4F7} = {249D259B-0656-498A-96A8-C3F5D7654DBE}
		{DBC2B596-2BF5-446F-82D8-A9F949F235CB} = {249D259B-0656-498A-96A8-C3F5D7654DBE}
		{BD59026D-68F2-41CF-9359-3DCF4BCC0155} = {249D259B-0656-498A-96A8-C3F5D7654DBE}
		{79FEEDF6-533A-4D46-AB9B-628CF96A853F} = {249D259B-0656-498A-96A8-C3F5D7654DBE}
		{1208344A-99AB-4095-88C0-B1E24C733AF3} = {249D259B-0656-498A-96A8-C3F5D7654DBE}
		{4052F2CE-2BF1-43BC-BAC9-E4FCAADE5173} = {08541A7C-5D2E-45A7-9B6C-33B9D0096325}
		{50D3C555-9767-4139-AAF1-55AC9A79A957} = {08D11AC7-3FE0-44F7-BFFE-5B0C7583FF55}
		{ECCCCE72-DB46-446B-9A34-B35329B6827F} = {08D11AC7-3FE0-44F7-BFFE-5B0C7583FF55}
		{4EC86F40-5F4A-4BCE-BA63-D6E4F74B14DF} = {08D11AC7-3FE0-44F7-BFFE-5B0C7583FF55}
		{B5B6E129-9CA4-4E86-A0E1-9BDD3F1478E5} = {08D11AC7-3FE0-44F7-BFFE-5B0C7583FF55}
		{FB00593F-662E-49D1-9EDA-5CE34CB5E769} = {08D11AC7-3FE0-44F7-BFFE-5B0C7583FF55}
	EndGlobalSection
	GlobalSection(ExtensibilityGlobals) = postSolution
		SolutionGuid = {92A9714C-DB59-4525-818E-B239A00313E9}
	EndGlobalSection
EndGlobal
